
Microsoft Visual Studio Solution File, Format Version 12.00
# Visual Studio Version 16
VisualStudioVersion = 16.0.31729.503
MinimumVisualStudioVersion = 10.0.40219.1
Project("{FAE04EC0-301F-11D3-BF4B-00C04F79EFBC}") = "MagicApp", "MagicApp\MagicApp.csproj", "{73348208-1463-40C0-809D-F5EB9EF58BA2}"
EndProject
Project("{FAE04EC0-301F-11D3-BF4B-00C04F79EFBC}") = "Api", "Api\Api.csproj", "{453BF1C7-6CC1-4F7C-A67D-BEE9935CBFCB}"
EndProject
Global
	GlobalSection(SolutionConfigurationPlatforms) = preSolution
		Debug|Any CPU = Debug|Any CPU
		Release|Any CPU = Release|Any CPU
	EndGlobalSection
	GlobalSection(ProjectConfigurationPlatforms) = postSolution
		{73348208-1463-40C0-809D-F5EB9EF58BA2}.Debug|Any CPU.ActiveCfg = Debug|Any CPU
		{73348208-1463-40C0-809D-F5EB9EF58BA2}.Debug|Any CPU.Build.0 = Debug|Any CPU
		{73348208-1463-40C0-809D-F5EB9EF58BA2}.Release|Any CPU.ActiveCfg = Release|Any CPU
		{73348208-1463-40C0-809D-F5EB9EF58BA2}.Release|Any CPU.Build.0 = Release|Any CPU
		{453BF1C7-6CC1-4F7C-A67D-BEE9935CBFCB}.Debug|Any CPU.ActiveCfg = Debug|Any CPU
		{453BF1C7-6CC1-4F7C-A67D-BEE9935CBFCB}.Debug|Any CPU.Build.0 = Debug|Any CPU
		{453BF1C7-6CC1-4F7C-A67D-BEE9935CBFCB}.Release|Any CPU.ActiveCfg = Release|Any CPU
		{453BF1C7-6CC1-4F7C-A67D-BEE9935CBFCB}.Release|Any CPU.Build.0 = Release|Any CPU
	EndGlobalSection
	GlobalSection(SolutionProperties) = preSolution
		HideSolutionNode = FALSE
	EndGlobalSection
	GlobalSection(ExtensibilityGlobals) = postSolution
		SolutionGuid = {C1722B56-14BD-437B-AD11-9420692A6F14}
	EndGlobalSection
EndGlobal
